
Microsoft Visual Studio Solution File, Format Version 12.00
# Visual Studio Version 17
VisualStudioVersion = 17.12.35506.116
MinimumVisualStudioVersion = 10.0.40219.1
Project("{9A19103F-16F7-4668-BE54-9A1E7A4F7556}") = "Program", "Program.csproj", "{26A07D91-B8F3-408E-8540-4EF37C072745}"
EndProject
Project("{9A19103F-16F7-4668-BE54-9A1E7A4F7556}") = "Domain", "..\MoviesLib\Domain.csproj", "{0E5AEA72-6D25-4608-ABCD-4549F3384B9A}"
EndProject
Project("{9A19103F-16F7-4668-BE54-9A1E7A4F7556}") = "Infrastructure", "..\Infrastructure\Infrastructure.csproj", "{C2A7144B-5EE7-4F9C-8AB9-A4BAE5176488}"
EndProject
Project("{9A19103F-16F7-4668-BE54-9A1E7A4F7556}") = "Application", "..\Application\Application.csproj", "{01C9797B-2DEC-4CE5-8902-F203CDCDBA64}"
EndProject
Global
	GlobalSection(SolutionConfigurationPlatforms) = preSolution
		Debug|Any CPU = Debug|Any CPU
		Release|Any CPU = Release|Any CPU
	EndGlobalSection
	GlobalSection(ProjectConfigurationPlatforms) = postSolution
		{26A07D91-B8F3-408E-8540-4EF37C072745}.Debug|Any CPU.ActiveCfg = Debug|Any CPU
		{26A07D91-B8F3-408E-8540-4EF37C072745}.Debug|Any CPU.Build.0 = Debug|Any CPU
		{26A07D91-B8F3-408E-8540-4EF37C072745}.Release|Any CPU.ActiveCfg = Release|Any CPU
		{26A07D91-B8F3-408E-8540-4EF37C072745}.Release|Any CPU.Build.0 = Release|Any CPU
		{0E5AEA72-6D25-4608-ABCD-4549F3384B9A}.Debug|Any CPU.ActiveCfg = Debug|Any CPU
		{0E5AEA72-6D25-4608-ABCD-4549F3384B9A}.Debug|Any CPU.Build.0 = Debug|Any CPU
		{0E5AEA72-6D25-4608-ABCD-4549F3384B9A}.Release|Any CPU.ActiveCfg = Release|Any CPU
		{0E5AEA72-6D25-4608-ABCD-4549F3384B9A}.Release|Any CPU.Build.0 = Release|Any CPU
		{C2A7144B-5EE7-4F9C-8AB9-A4BAE5176488}.Debug|Any CPU.ActiveCfg = Debug|Any CPU
		{C2A7144B-5EE7-4F9C-8AB9-A4BAE5176488}.Debug|Any CPU.Build.0 = Debug|Any CPU
		{C2A7144B-5EE7-4F9C-8AB9-A4BAE5176488}.Release|Any CPU.ActiveCfg = Release|Any CPU
		{C2A7144B-5EE7-4F9C-8AB9-A4BAE5176488}.Release|Any CPU.Build.0 = Release|Any CPU
		{01C9797B-2DEC-4CE5-8902-F203CDCDBA64}.Debug|Any CPU.ActiveCfg = Debug|Any CPU
		{01C9797B-2DEC-4CE5-8902-F203CDCDBA64}.Debug|Any CPU.Build.0 = Debug|Any CPU
		{01C9797B-2DEC-4CE5-8902-F203CDCDBA64}.Release|Any CPU.ActiveCfg = Release|Any CPU
		{01C9797B-2DEC-4CE5-8902-F203CDCDBA64}.Release|Any CPU.Build.0 = Release|Any CPU
	EndGlobalSection
	GlobalSection(SolutionProperties) = preSolution
		HideSolutionNode = FALSE
	EndGlobalSection
EndGlobal
